
Microsoft Visual Studio Solution File, Format Version 12.00
# Visual Studio 2013
VisualStudioVersion = 12.0.31101.0
MinimumVisualStudioVersion = 10.0.40219.1
Project("{FAE04EC0-301F-11D3-BF4B-00C04F79EFBC}") = "Problem1.StudentsAndCourses", "Problem1.StudentsAndCourses\Problem1.StudentsAndCourses.csproj", "{8D9403E8-2441-4961-8500-1213B74BEE1B}"
EndProject
Project("{FAE04EC0-301F-11D3-BF4B-00C04F79EFBC}") = "Problem2.ImplementBiDictionary", "Problem2.ImplementBiDictionary\Problem2.ImplementBiDictionary.csproj", "{5F756327-8A62-4B24-9B46-54D92254DDD6}"
EndProject
Project("{FAE04EC0-301F-11D3-BF4B-00C04F79EFBC}") = "Problem3.CollectionOfProducts", "Problem3.CollectionOfProducts\Problem3.CollectionOfProducts.csproj", "{D28947D0-CDC4-4A3C-B021-9F500E254E79}"
EndProject
Global
	GlobalSection(SolutionConfigurationPlatforms) = preSolution
		Debug|Any CPU = Debug|Any CPU
		Release|Any CPU = Release|Any CPU
	EndGlobalSection
	GlobalSection(ProjectConfigurationPlatforms) = postSolution
		{8D9403E8-2441-4961-8500-1213B74BEE1B}.Debug|Any CPU.ActiveCfg = Debug|Any CPU
		{8D9403E8-2441-4961-8500-1213B74BEE1B}.Debug|Any CPU.Build.0 = Debug|Any CPU
		{8D9403E8-2441-4961-8500-1213B74BEE1B}.Release|Any CPU.ActiveCfg = Release|Any CPU
		{8D9403E8-2441-4961-8500-1213B74BEE1B}.Release|Any CPU.Build.0 = Release|Any CPU
		{5F756327-8A62-4B24-9B46-54D92254DDD6}.Debug|Any CPU.ActiveCfg = Debug|Any CPU
		{5F756327-8A62-4B24-9B46-54D92254DDD6}.Debug|Any CPU.Build.0 = Debug|Any CPU
		{5F756327-8A62-4B24-9B46-54D92254DDD6}.Release|Any CPU.ActiveCfg = Release|Any CPU
		{5F756327-8A62-4B24-9B46-54D92254DDD6}.Release|Any CPU.Build.0 = Release|Any CPU
		{D28947D0-CDC4-4A3C-B021-9F500E254E79}.Debug|Any CPU.ActiveCfg = Debug|Any CPU
		{D28947D0-CDC4-4A3C-B021-9F500E254E79}.Debug|Any CPU.Build.0 = Debug|Any CPU
		{D28947D0-CDC4-4A3C-B021-9F500E254E79}.Release|Any CPU.ActiveCfg = Release|Any CPU
		{D28947D0-CDC4-4A3C-B021-9F500E254E79}.Release|Any CPU.Build.0 = Release|Any CPU
	EndGlobalSection
	GlobalSection(SolutionProperties) = preSolution
		HideSolutionNode = FALSE
	EndGlobalSection
EndGlobal
