
Microsoft Visual Studio Solution File, Format Version 12.00
# Visual Studio 2013
VisualStudioVersion = 12.0.31101.0
MinimumVisualStudioVersion = 10.0.40219.1
Project("{FAE04EC0-301F-11D3-BF4B-00C04F79EFBC}") = "Problem1.PlayWithTrees", "Problem1.PlayWithTrees\Problem1.PlayWithTrees.csproj", "{8248BCF6-797C-4952-910F-3EA7B59C2C6E}"
EndProject
Project("{FAE04EC0-301F-11D3-BF4B-00C04F79EFBC}") = "Problem2.TraverseAndSaveDirectoryContentsInATree", "Problem2.TraverseAndSaveDirectoryContentsInATree\Problem2.TraverseAndSaveDirectoryContentsInATree.csproj", "{7E64D579-7FA1-4552-91AC-0CABB4E5340C}"
EndProject
Global
	GlobalSection(SolutionConfigurationPlatforms) = preSolution
		Debug|Any CPU = Debug|Any CPU
		Release|Any CPU = Release|Any CPU
	EndGlobalSection
	GlobalSection(ProjectConfigurationPlatforms) = postSolution
		{8248BCF6-797C-4952-910F-3EA7B59C2C6E}.Debug|Any CPU.ActiveCfg = Debug|Any CPU
		{8248BCF6-797C-4952-910F-3EA7B59C2C6E}.Debug|Any CPU.Build.0 = Debug|Any CPU
		{8248BCF6-797C-4952-910F-3EA7B59C2C6E}.Release|Any CPU.ActiveCfg = Release|Any CPU
		{8248BCF6-797C-4952-910F-3EA7B59C2C6E}.Release|Any CPU.Build.0 = Release|Any CPU
		{7E64D579-7FA1-4552-91AC-0CABB4E5340C}.Debug|Any CPU.ActiveCfg = Debug|Any CPU
		{7E64D579-7FA1-4552-91AC-0CABB4E5340C}.Debug|Any CPU.Build.0 = Debug|Any CPU
		{7E64D579-7FA1-4552-91AC-0CABB4E5340C}.Release|Any CPU.ActiveCfg = Release|Any CPU
		{7E64D579-7FA1-4552-91AC-0CABB4E5340C}.Release|Any CPU.Build.0 = Release|Any CPU
	EndGlobalSection
	GlobalSection(SolutionProperties) = preSolution
		HideSolutionNode = FALSE
	EndGlobalSection
EndGlobal
